
Microsoft Visual Studio Solution File, Format Version 12.00
# Visual Studio Version 16
VisualStudioVersion = 16.0.30404.54
MinimumVisualStudioVersion = 10.0.40219.1
Project("{9A19103F-16F7-4668-BE54-9A1E7A4F7556}") = "Domin", "Domin\Domin.csproj", "{22B52429-B3DE-4A2A-9720-A509632B2441}"
EndProject
Project("{9A19103F-16F7-4668-BE54-9A1E7A4F7556}") = "Repository", "Repository\Repository.csproj", "{BFC04B6E-4570-4754-8987-5ADFE31485A5}"
EndProject
Project("{9A19103F-16F7-4668-BE54-9A1E7A4F7556}") = "Billing.core", "Billing.core\Billing.core.csproj", "{1A416AD9-B655-4997-A85D-A26E80E8BE10}"
EndProject
Project("{9A19103F-16F7-4668-BE54-9A1E7A4F7556}") = "Billing.Wpf", "Billing.Wpf\Billing.Wpf.csproj", "{2D3B7745-A7AE-48E4-A71F-38F135074989}"
EndProject
Project("{FAE04EC0-301F-11D3-BF4B-00C04F79EFBC}") = "Bilingmlb.uwp", "Bilingmlb.uwp\Bilingmlb.uwp.csproj", "{4EF46BC6-FEE3-41C9-9AA9-C952CF488BE2}"
EndProject
Global
	GlobalSection(SolutionConfigurationPlatforms) = preSolution
		Debug|Any CPU = Debug|Any CPU
		Debug|ARM = Debug|ARM
		Debug|ARM64 = Debug|ARM64
		Debug|x64 = Debug|x64
		Debug|x86 = Debug|x86
		Release|Any CPU = Release|Any CPU
		Release|ARM = Release|ARM
		Release|ARM64 = Release|ARM64
		Release|x64 = Release|x64
		Release|x86 = Release|x86
	EndGlobalSection
	GlobalSection(ProjectConfigurationPlatforms) = postSolution
		{22B52429-B3DE-4A2A-9720-A509632B2441}.Debug|Any CPU.ActiveCfg = Debug|Any CPU
		{22B52429-B3DE-4A2A-9720-A509632B2441}.Debug|Any CPU.Build.0 = Debug|Any CPU
		{22B52429-B3DE-4A2A-9720-A509632B2441}.Debug|ARM.ActiveCfg = Debug|Any CPU
		{22B52429-B3DE-4A2A-9720-A509632B2441}.Debug|ARM.Build.0 = Debug|Any CPU
		{22B52429-B3DE-4A2A-9720-A509632B2441}.Debug|ARM64.ActiveCfg = Debug|Any CPU
		{22B52429-B3DE-4A2A-9720-A509632B2441}.Debug|ARM64.Build.0 = Debug|Any CPU
		{22B52429-B3DE-4A2A-9720-A509632B2441}.Debug|x64.ActiveCfg = Debug|Any CPU
		{22B52429-B3DE-4A2A-9720-A509632B2441}.Debug|x64.Build.0 = Debug|Any CPU
		{22B52429-B3DE-4A2A-9720-A509632B2441}.Debug|x86.ActiveCfg = Debug|Any CPU
		{22B52429-B3DE-4A2A-9720-A509632B2441}.Debug|x86.Build.0 = Debug|Any CPU
		{22B52429-B3DE-4A2A-9720-A509632B2441}.Release|Any CPU.ActiveCfg = Release|Any CPU
		{22B52429-B3DE-4A2A-9720-A509632B2441}.Release|Any CPU.Build.0 = Release|Any CPU
		{22B52429-B3DE-4A2A-9720-A509632B2441}.Release|ARM.ActiveCfg = Release|Any CPU
		{22B52429-B3DE-4A2A-9720-A509632B2441}.Release|ARM.Build.0 = Release|Any CPU
		{22B52429-B3DE-4A2A-9720-A509632B2441}.Release|ARM64.ActiveCfg = Release|Any CPU
		{22B52429-B3DE-4A2A-9720-A509632B2441}.Release|ARM64.Build.0 = Release|Any CPU
		{22B52429-B3DE-4A2A-9720-A509632B2441}.Release|x64.ActiveCfg = Release|Any CPU
		{22B52429-B3DE-4A2A-9720-A509632B2441}.Release|x64.Build.0 = Release|Any CPU
		{22B52429-B3DE-4A2A-9720-A509632B2441}.Release|x86.ActiveCfg = Release|Any CPU
		{22B52429-B3DE-4A2A-9720-A509632B2441}.Release|x86.Build.0 = Release|Any CPU
		{BFC04B6E-4570-4754-8987-5ADFE31485A5}.Debug|Any CPU.ActiveCfg = Debug|Any CPU
		{BFC04B6E-4570-4754-8987-5ADFE31485A5}.Debug|Any CPU.Build.0 = Debug|Any CPU
		{BFC04B6E-4570-4754-8987-5ADFE31485A5}.Debug|ARM.ActiveCfg = Debug|Any CPU
		{BFC04B6E-4570-4754-8987-5ADFE31485A5}.Debug|ARM.Build.0 = Debug|Any CPU
		{BFC04B6E-4570-4754-8987-5ADFE31485A5}.Debug|ARM64.ActiveCfg = Debug|Any CPU
		{BFC04B6E-4570-4754-8987-5ADFE31485A5}.Debug|ARM64.Build.0 = Debug|Any CPU
		{BFC04B6E-4570-4754-8987-5ADFE31485A5}.Debug|x64.ActiveCfg = Debug|Any CPU
		{BFC04B6E-4570-4754-8987-5ADFE31485A5}.Debug|x64.Build.0 = Debug|Any CPU
		{BFC04B6E-4570-4754-8987-5ADFE31485A5}.Debug|x86.ActiveCfg = Debug|Any CPU
		{BFC04B6E-4570-4754-8987-5ADFE31485A5}.Debug|x86.Build.0 = Debug|Any CPU
		{BFC04B6E-4570-4754-8987-5ADFE31485A5}.Release|Any CPU.ActiveCfg = Release|Any CPU
		{BFC04B6E-4570-4754-8987-5ADFE31485A5}.Release|Any CPU.Build.0 = Release|Any CPU
		{BFC04B6E-4570-4754-8987-5ADFE31485A5}.Release|ARM.ActiveCfg = Release|Any CPU
		{BFC04B6E-4570-4754-8987-5ADFE31485A5}.Release|ARM.Build.0 = Release|Any CPU
		{BFC04B6E-4570-4754-8987-5ADFE31485A5}.Release|ARM64.ActiveCfg = Release|Any CPU
		{BFC04B6E-4570-4754-8987-5ADFE31485A5}.Release|ARM64.Build.0 = Release|Any CPU
		{BFC04B6E-4570-4754-8987-5ADFE31485A5}.Release|x64.ActiveCfg = Release|Any CPU
		{BFC04B6E-4570-4754-8987-5ADFE31485A5}.Release|x64.Build.0 = Release|Any CPU
		{BFC04B6E-4570-4754-8987-5ADFE31485A5}.Release|x86.ActiveCfg = Release|Any CPU
		{BFC04B6E-4570-4754-8987-5ADFE31485A5}.Release|x86.Build.0 = Release|Any CPU
		{1A416AD9-B655-4997-A85D-A26E80E8BE10}.Debug|Any CPU.ActiveCfg = Debug|Any CPU
		{1A416AD9-B655-4997-A85D-A26E80E8BE10}.Debug|Any CPU.Build.0 = Debug|Any CPU
		{1A416AD9-B655-4997-A85D-A26E80E8BE10}.Debug|ARM.ActiveCfg = Debug|Any CPU
		{1A416AD9-B655-4997-A85D-A26E80E8BE10}.Debug|ARM.Build.0 = Debug|Any CPU
		{1A416AD9-B655-4997-A85D-A26E80E8BE10}.Debug|ARM64.ActiveCfg = Debug|Any CPU
		{1A416AD9-B655-4997-A85D-A26E80E8BE10}.Debug|ARM64.Build.0 = Debug|Any CPU
		{1A416AD9-B655-4997-A85D-A26E80E8BE10}.Debug|x64.ActiveCfg = Debug|Any CPU
		{1A416AD9-B655-4997-A85D-A26E80E8BE10}.Debug|x64.Build.0 = Debug|Any CPU
		{1A416AD9-B655-4997-A85D-A26E80E8BE10}.Debug|x86.ActiveCfg = Debug|Any CPU
		{1A416AD9-B655-4997-A85D-A26E80E8BE10}.Debug|x86.Build.0 = Debug|Any CPU
		{1A416AD9-B655-4997-A85D-A26E80E8BE10}.Release|Any CPU.ActiveCfg = Release|Any CPU
		{1A416AD9-B655-4997-A85D-A26E80E8BE10}.Release|Any CPU.Build.0 = Release|Any CPU
		{1A416AD9-B655-4997-A85D-A26E80E8BE10}.Release|ARM.ActiveCfg = Release|Any CPU
		{1A416AD9-B655-4997-A85D-A26E80E8BE10}.Release|ARM.Build.0 = Release|Any CPU
		{1A416AD9-B655-4997-A85D-A26E80E8BE10}.Release|ARM64.ActiveCfg = Release|Any CPU
		{1A416AD9-B655-4997-A85D-A26E80E8BE10}.Release|ARM64.Build.0 = Release|Any CPU
		{1A416AD9-B655-4997-A85D-A26E80E8BE10}.Release|x64.ActiveCfg = Release|Any CPU
		{1A416AD9-B655-4997-A85D-A26E80E8BE10}.Release|x64.Build.0 = Release|Any CPU
		{1A416AD9-B655-4997-A85D-A26E80E8BE10}.Release|x86.ActiveCfg = Release|Any CPU
		{1A416AD9-B655-4997-A85D-A26E80E8BE10}.Release|x86.Build.0 = Release|Any CPU
		{2D3B7745-A7AE-48E4-A71F-38F135074989}.Debug|Any CPU.ActiveCfg = Debug|Any CPU
		{2D3B7745-A7AE-48E4-A71F-38F135074989}.Debug|Any CPU.Build.0 = Debug|Any CPU
		{2D3B7745-A7AE-48E4-A71F-38F135074989}.Debug|ARM.ActiveCfg = Debug|Any CPU
		{2D3B7745-A7AE-48E4-A71F-38F135074989}.Debug|ARM.Build.0 = Debug|Any CPU
		{2D3B7745-A7AE-48E4-A71F-38F135074989}.Debug|ARM64.ActiveCfg = Debug|Any CPU
		{2D3B7745-A7AE-48E4-A71F-38F135074989}.Debug|ARM64.Build.0 = Debug|Any CPU
		{2D3B7745-A7AE-48E4-A71F-38F135074989}.Debug|x64.ActiveCfg = Debug|Any CPU
		{2D3B7745-A7AE-48E4-A71F-38F135074989}.Debug|x64.Build.0 = Debug|Any CPU
		{2D3B7745-A7AE-48E4-A71F-38F135074989}.Debug|x86.ActiveCfg = Debug|Any CPU
		{2D3B7745-A7AE-48E4-A71F-38F135074989}.Debug|x86.Build.0 = Debug|Any CPU
		{2D3B7745-A7AE-48E4-A71F-38F135074989}.Release|Any CPU.ActiveCfg = Release|Any CPU
		{2D3B7745-A7AE-48E4-A71F-38F135074989}.Release|Any CPU.Build.0 = Release|Any CPU
		{2D3B7745-A7AE-48E4-A71F-38F135074989}.Release|ARM.ActiveCfg = Release|Any CPU
		{2D3B7745-A7AE-48E4-A71F-38F135074989}.Release|ARM.Build.0 = Release|Any CPU
		{2D3B7745-A7AE-48E4-A71F-38F135074989}.Release|ARM64.ActiveCfg = Release|Any CPU
		{2D3B7745-A7AE-48E4-A71F-38F135074989}.Release|ARM64.Build.0 = Release|Any CPU
		{2D3B7745-A7AE-48E4-A71F-38F135074989}.Release|x64.ActiveCfg = Release|Any CPU
		{2D3B7745-A7AE-48E4-A71F-38F135074989}.Release|x64.Build.0 = Release|Any CPU
		{2D3B7745-A7AE-48E4-A71F-38F135074989}.Release|x86.ActiveCfg = Release|Any CPU
		{2D3B7745-A7AE-48E4-A71F-38F135074989}.Release|x86.Build.0 = Release|Any CPU
		{4EF46BC6-FEE3-41C9-9AA9-C952CF488BE2}.Debug|Any CPU.ActiveCfg = Debug|x86
		{4EF46BC6-FEE3-41C9-9AA9-C952CF488BE2}.Debug|Any CPU.Build.0 = Debug|x86
		{4EF46BC6-FEE3-41C9-9AA9-C952CF488BE2}.Debug|ARM.ActiveCfg = Debug|ARM
		{4EF46BC6-FEE3-41C9-9AA9-C952CF488BE2}.Debug|ARM.Build.0 = Debug|ARM
		{4EF46BC6-FEE3-41C9-9AA9-C952CF488BE2}.Debug|ARM.Deploy.0 = Debug|ARM
		{4EF46BC6-FEE3-41C9-9AA9-C952CF488BE2}.Debug|ARM64.ActiveCfg = Debug|ARM64
		{4EF46BC6-FEE3-41C9-9AA9-C952CF488BE2}.Debug|ARM64.Build.0 = Debug|ARM64
		{4EF46BC6-FEE3-41C9-9AA9-C952CF488BE2}.Debug|ARM64.Deploy.0 = Debug|ARM64
		{4EF46BC6-FEE3-41C9-9AA9-C952CF488BE2}.Debug|x64.ActiveCfg = Debug|x64
		{4EF46BC6-FEE3-41C9-9AA9-C952CF488BE2}.Debug|x64.Build.0 = Debug|x64
		{4EF46BC6-FEE3-41C9-9AA9-C952CF488BE2}.Debug|x64.Deploy.0 = Debug|x64
		{4EF46BC6-FEE3-41C9-9AA9-C952CF488BE2}.Debug|x86.ActiveCfg = Debug|x86
		{4EF46BC6-FEE3-41C9-9AA9-C952CF488BE2}.Debug|x86.Build.0 = Debug|x86
		{4EF46BC6-FEE3-41C9-9AA9-C952CF488BE2}.Debug|x86.Deploy.0 = Debug|x86
		{4EF46BC6-FEE3-41C9-9AA9-C952CF488BE2}.Release|Any CPU.ActiveCfg = Release|x86
		{4EF46BC6-FEE3-41C9-9AA9-C952CF488BE2}.Release|ARM.ActiveCfg = Release|ARM
		{4EF46BC6-FEE3-41C9-9AA9-C952CF488BE2}.Release|ARM.Build.0 = Release|ARM
		{4EF46BC6-FEE3-41C9-9AA9-C952CF488BE2}.Release|ARM.Deploy.0 = Release|ARM
		{4EF46BC6-FEE3-41C9-9AA9-C952CF488BE2}.Release|ARM64.ActiveCfg = Release|ARM64
		{4EF46BC6-FEE3-41C9-9AA9-C952CF488BE2}.Release|ARM64.Build.0 = Release|ARM64
		{4EF46BC6-FEE3-41C9-9AA9-C952CF488BE2}.Release|ARM64.Deploy.0 = Release|ARM64
		{4EF46BC6-FEE3-41C9-9AA9-C952CF488BE2}.Release|x64.ActiveCfg = Release|x64
		{4EF46BC6-FEE3-41C9-9AA9-C952CF488BE2}.Release|x64.Build.0 = Release|x64
		{4EF46BC6-FEE3-41C9-9AA9-C952CF488BE2}.Release|x64.Deploy.0 = Release|x64
		{4EF46BC6-FEE3-41C9-9AA9-C952CF488BE2}.Release|x86.ActiveCfg = Release|x86
		{4EF46BC6-FEE3-41C9-9AA9-C952CF488BE2}.Release|x86.Build.0 = Release|x86
		{4EF46BC6-FEE3-41C9-9AA9-C952CF488BE2}.Release|x86.Deploy.0 = Release|x86
	EndGlobalSection
	GlobalSection(SolutionProperties) = preSolution
		HideSolutionNode = FALSE
	EndGlobalSection
	GlobalSection(ExtensibilityGlobals) = postSolution
		SolutionGuid = {6DA61879-EB00-470D-87D6-E1F4888CB62F}
	EndGlobalSection
EndGlobal
